
Microsoft Visual Studio Solution File, Format Version 12.00
# Visual Studio Version 16
VisualStudioVersion = 16.0.32106.194
MinimumVisualStudioVersion = 10.0.40219.1
Project("{FAE04EC0-301F-11D3-BF4B-00C04F79EFBC}") = "Hospital-Management-API", "Hospital-Management-API\Hospital-Management-API.csproj", "{67D8C364-3428-4525-8B28-CA752F99051E}"
EndProject
Global
	GlobalSection(SolutionConfigurationPlatforms) = preSolution
		Debug|Any CPU = Debug|Any CPU
		Release|Any CPU = Release|Any CPU
	EndGlobalSection
	GlobalSection(ProjectConfigurationPlatforms) = postSolution
		{67D8C364-3428-4525-8B28-CA752F99051E}.Debug|Any CPU.ActiveCfg = Debug|Any CPU
		{67D8C364-3428-4525-8B28-CA752F99051E}.Debug|Any CPU.Build.0 = Debug|Any CPU
		{67D8C364-3428-4525-8B28-CA752F99051E}.Release|Any CPU.ActiveCfg = Release|Any CPU
		{67D8C364-3428-4525-8B28-CA752F99051E}.Release|Any CPU.Build.0 = Release|Any CPU
	EndGlobalSection
	GlobalSection(SolutionProperties) = preSolution
		HideSolutionNode = FALSE
	EndGlobalSection
	GlobalSection(ExtensibilityGlobals) = postSolution
		SolutionGuid = {37E4FE2C-5D46-41EB-A4FB-A1B2B45221B6}
	EndGlobalSection
EndGlobal
